// !$*UTF8*$!
{
	archiveVersion = 1;
	classes = {
	};
	objectVersion = 55;
	objects = {

/* Begin PBXBuildFile section */
		44DD13B427FD8D7D0066D332 /* AppDelegate.swift in Sources */ = {isa = PBXBuildFile; fileRef = 44DD13B327FD8D7D0066D332 /* AppDelegate.swift */; };
		44DD13B627FD8D7D0066D332 /* SceneDelegate.swift in Sources */ = {isa = PBXBuildFile; fileRef = 44DD13B527FD8D7D0066D332 /* SceneDelegate.swift */; };
		44DD13B827FD8D7D0066D332 /* ViewController.swift in Sources */ = {isa = PBXBuildFile; fileRef = 44DD13B727FD8D7D0066D332 /* ViewController.swift */; };
		44DD13BB27FD8D7D0066D332 /* Main.storyboard in Resources */ = {isa = PBXBuildFile; fileRef = 44DD13B927FD8D7D0066D332 /* Main.storyboard */; };
		44DD13BD27FD8D7D0066D332 /* Assets.xcassets in Resources */ = {isa = PBXBuildFile; fileRef = 44DD13BC27FD8D7D0066D332 /* Assets.xcassets */; };
		44DD13C027FD8D7D0066D332 /* LaunchScreen.storyboard in Resources */ = {isa = PBXBuildFile; fileRef = 44DD13BE27FD8D7D0066D332 /* LaunchScreen.storyboard */; };
		44DD13CB27FD8D7D0066D332 /* InstaYamTests.swift in Sources */ = {isa = PBXBuildFile; fileRef = 44DD13CA27FD8D7D0066D332 /* InstaYamTests.swift */; };
		44DD13D527FD8D7D0066D332 /* InstaYamUITests.swift in Sources */ = {isa = PBXBuildFile; fileRef = 44DD13D427FD8D7D0066D332 /* InstaYamUITests.swift */; };
		44DD13D727FD8D7D0066D332 /* InstaYamUITestsLaunchTests.swift in Sources */ = {isa = PBXBuildFile; fileRef = 44DD13D627FD8D7D0066D332 /* InstaYamUITestsLaunchTests.swift */; };
/* End PBXBuildFile section */

/* Begin PBXContainerItemProxy section */
		44DD13C727FD8D7D0066D332 /* PBXContainerItemProxy */ = {
			isa = PBXContainerItemProxy;
			containerPortal = 44DD13A827FD8D7C0066D332 /* Project object */;
			proxyType = 1;
			remoteGlobalIDString = 44DD13AF27FD8D7D0066D332;
			remoteInfo = InstaYam;
		};
		44DD13D127FD8D7D0066D332 /* PBXContainerItemProxy */ = {
			isa = PBXContainerItemProxy;
			containerPortal = 44DD13A827FD8D7C0066D332 /* Project object */;
			proxyType = 1;
			remoteGlobalIDString = 44DD13AF27FD8D7D0066D332;
			remoteInfo = InstaYam;
		};
/* End PBXContainerItemProxy section */

/* Begin PBXFileReference section */
		44DD13B027FD8D7D0066D332 /* InstaYam.app */ = {isa = PBXFileReference; explicitFileType = wrapper.application; includeInIndex = 0; path = InstaYam.app; sourceTree = BUILT_PRODUCTS_DIR; };
		44DD13B327FD8D7D0066D332 /* AppDelegate.swift */ = {isa = PBXFileReference; lastKnownFileType = sourcecode.swift; path = AppDelegate.swift; sourceTree = "<group>"; };
		44DD13B527FD8D7D0066D332 /* SceneDelegate.swift */ = {isa = PBXFileReference; lastKnownFileType = sourcecode.swift; path = SceneDelegate.swift; sourceTree = "<group>"; };
		44DD13B727FD8D7D0066D332 /* ViewController.swift */ = {isa = PBXFileReference; lastKnownFileType = sourcecode.swift; path = ViewController.swift; sourceTree = "<group>"; };
		44DD13BA27FD8D7D0066D332 /* Base */ = {isa = PBXFileReference; lastKnownFileType = file.storyboard; name = Base; path = Base.lproj/Main.storyboard; sourceTree = "<group>"; };
		44DD13BC27FD8D7D0066D332 /* Assets.xcassets */ = {isa = PBXFileReference; lastKnownFileType = folder.assetcatalog; path = Assets.xcassets; sourceTree = "<group>"; };
		44DD13BF27FD8D7D0066D332 /* Base */ = {isa = PBXFileReference; lastKnownFileType = file.storyboard; name = Base; path = Base.lproj/LaunchScreen.storyboard; sourceTree = "<group>"; };
		44DD13C127FD8D7D0066D332 /* Info.plist */ = {isa = PBXFileReference; lastKnownFileType = text.plist.xml; path = Info.plist; sourceTree = "<group>"; };
		44DD13C627FD8D7D0066D332 /* InstaYamTests.xctest */ = {isa = PBXFileReference; explicitFileType = wrapper.cfbundle; includeInIndex = 0; path = InstaYamTests.xctest; sourceTree = BUILT_PRODUCTS_DIR; };
		44DD13CA27FD8D7D0066D332 /* InstaYamTests.swift */ = {isa = PBXFileReference; lastKnownFileType = sourcecode.swift; path = InstaYamTests.swift; sourceTree = "<group>"; };
		44DD13D027FD8D7D0066D332 /* InstaYamUITests.xctest */ = {isa = PBXFileReference; explicitFileType = wrapper.cfbundle; includeInIndex = 0; path = InstaYamUITests.xctest; sourceTree = BUILT_PRODUCTS_DIR; };
		44DD13D427FD8D7D0066D332 /* InstaYamUITests.swift */ = {isa = PBXFileReference; lastKnownFileType = sourcecode.swift; path = InstaYamUITests.swift; sourceTree = "<group>"; };
		44DD13D627FD8D7D0066D332 /* InstaYamUITestsLaunchTests.swift */ = {isa = PBXFileReference; lastKnownFileType = sourcecode.swift; path = InstaYamUITestsLaunchTests.swift; sourceTree = "<group>"; };
/* End PBXFileReference section */

/* Begin PBXFrameworksBuildPhase section */
		44DD13AD27FD8D7D0066D332 /* Frameworks */ = {
			isa = PBXFrameworksBuildPhase;
			buildActionMask = 2147483647;
			files = (
			);
			runOnlyForDeploymentPostprocessing = 0;
		};
		44DD13C327FD8D7D0066D332 /* Frameworks */ = {
			isa = PBXFrameworksBuildPhase;
			buildActionMask = 2147483647;
			files = (
			);
			runOnlyForDeploymentPostprocessing = 0;
		};
		44DD13CD27FD8D7D0066D332 /* Frameworks */ = {
			isa = PBXFrameworksBuildPhase;
			buildActionMask = 2147483647;
			files = (
			);
			runOnlyForDeploymentPostprocessing = 0;
		};
/* End PBXFrameworksBuildPhase section */

/* Begin PBXGroup section */
		44DD13A727FD8D7C0066D332 = {
			isa = PBXGroup;
			children = (
				44DD13B227FD8D7D0066D332 /* InstaYam */,
				44DD13C927FD8D7D0066D332 /* InstaYamTests */,
				44DD13D327FD8D7D0066D332 /* InstaYamUITests */,
				44DD13B127FD8D7D0066D332 /* Products */,
			);
			sourceTree = "<group>";
		};
		44DD13B127FD8D7D0066D332 /* Products */ = {
			isa = PBXGroup;
			children = (
				44DD13B027FD8D7D0066D332 /* InstaYam.app */,
				44DD13C627FD8D7D0066D332 /* InstaYamTests.xctest */,
				44DD13D027FD8D7D0066D332 /* InstaYamUITests.xctest */,
			);
			name = Products;
			sourceTree = "<group>";
		};
		44DD13B227FD8D7D0066D332 /* InstaYam */ = {
			isa = PBXGroup;
			children = (
				44DD13B327FD8D7D0066D332 /* AppDelegate.swift */,
				44DD13B527FD8D7D0066D332 /* SceneDelegate.swift */,
				44DD13B727FD8D7D0066D332 /* ViewController.swift */,
				44DD13B927FD8D7D0066D332 /* Main.storyboard */,
				44DD13BC27FD8D7D0066D332 /* Assets.xcassets */,
				44DD13BE27FD8D7D0066D332 /* LaunchScreen.storyboard */,
				44DD13C127FD8D7D0066D332 /* Info.plist */,
			);
			path = InstaYam;
			sourceTree = "<group>";
		};
		44DD13C927FD8D7D0066D332 /* InstaYamTests */ = {
			isa = PBXGroup;
			children = (
				44DD13CA27FD8D7D0066D332 /* InstaYamTests.swift */,
			);
			path = InstaYamTests;
			sourceTree = "<group>";
		};
		44DD13D327FD8D7D0066D332 /* InstaYamUITests */ = {
			isa = PBXGroup;
			children = (
				44DD13D427FD8D7D0066D332 /* InstaYamUITests.swift */,
				44DD13D627FD8D7D0066D332 /* InstaYamUITestsLaunchTests.swift */,
			);
			path = InstaYamUITests;
			sourceTree = "<group>";
		};
/* End PBXGroup section */

/* Begin PBXNativeTarget section */
		44DD13AF27FD8D7D0066D332 /* InstaYam */ = {
			isa = PBXNativeTarget;
			buildConfigurationList = 44DD13DA27FD8D7D0066D332 /* Build configuration list for PBXNativeTarget "InstaYam" */;
			buildPhases = (
				44DD13AC27FD8D7D0066D332 /* Sources */,
				44DD13AD27FD8D7D0066D332 /* Frameworks */,
				44DD13AE27FD8D7D0066D332 /* Resources */,
			);
			buildRules = (
			);
			dependencies = (
			);
			name = InstaYam;
			productName = InstaYam;
			productReference = 44DD13B027FD8D7D0066D332 /* InstaYam.app */;
			productType = "com.apple.product-type.application";
		};
		44DD13C527FD8D7D0066D332 /* InstaYamTests */ = {
			isa = PBXNativeTarget;
			buildConfigurationList = 44DD13DD27FD8D7D0066D332 /* Build configuration list for PBXNativeTarget "InstaYamTests" */;
			buildPhases = (
				44DD13C227FD8D7D0066D332 /* Sources */,
				44DD13C327FD8D7D0066D332 /* Frameworks */,
				44DD13C427FD8D7D0066D332 /* Resources */,
			);
			buildRules = (
			);
			dependencies = (
				44DD13C827FD8D7D0066D332 /* PBXTargetDependency */,
			);
			name = InstaYamTests;
			productName = InstaYamTests;
			productReference = 44DD13C627FD8D7D0066D332 /* InstaYamTests.xctest */;
			productType = "com.apple.product-type.bundle.unit-test";
		};
		44DD13CF27FD8D7D0066D332 /* InstaYamUITests */ = {
			isa = PBXNativeTarget;
			buildConfigurationList = 44DD13E027FD8D7D0066D332 /* Build configuration list for PBXNativeTarget "InstaYamUITests" */;
			buildPhases = (
				44DD13CC27FD8D7D0066D332 /* Sources */,
				44DD13CD27FD8D7D0066D332 /* Frameworks */,
				44DD13CE27FD8D7D0066D332 /* Resources */,
			);
			buildRules = (
			);
			dependencies = (
				44DD13D227FD8D7D0066D332 /* PBXTargetDependency */,
			);
			name = InstaYamUITests;
			productName = InstaYamUITests;
			productReference = 44DD13D027FD8D7D0066D332 /* InstaYamUITests.xctest */;
			productType = "com.apple.product-type.bundle.ui-testing";
		};
/* End PBXNativeTarget section */

/* Begin PBXProject section */
		44DD13A827FD8D7C0066D332 /* Project object */ = {
			isa = PBXProject;
			attributes = {
				BuildIndependentTargetsInParallel = 1;
				LastSwiftUpdateCheck = 1320;
				LastUpgradeCheck = 1320;
				TargetAttributes = {
					44DD13AF27FD8D7D0066D332 = {
						CreatedOnToolsVersion = 13.2.1;
					};
					44DD13C527FD8D7D0066D332 = {
						CreatedOnToolsVersion = 13.2.1;
						TestTargetID = 44DD13AF27FD8D7D0066D332;
					};
					44DD13CF27FD8D7D0066D332 = {
						CreatedOnToolsVersion = 13.2.1;
						TestTargetID = 44DD13AF27FD8D7D0066D332;
					};
				};
			};
			buildConfigurationList = 44DD13AB27FD8D7C0066D332 /* Build configuration list for PBXProject "InstaYam" */;
			compatibilityVersion = "Xcode 13.0";
			developmentRegion = en;
			hasScannedForEncodings = 0;
			knownRegions = (
				en,
				Base,
			);
			mainGroup = 44DD13A727FD8D7C0066D332;
			productRefGroup = 44DD13B127FD8D7D0066D332 /* Products */;
			projectDirPath = "";
			projectRoot = "";
			targets = (
				44DD13AF27FD8D7D0066D332 /* InstaYam */,
				44DD13C527FD8D7D0066D332 /* InstaYamTests */,
				44DD13CF27FD8D7D0066D332 /* InstaYamUITests */,
			);
		};
/* End PBXProject section */

/* Begin PBXResourcesBuildPhase section */
		44DD13AE27FD8D7D0066D332 /* Resources */ = {
			isa = PBXResourcesBuildPhase;
			buildActionMask = 2147483647;
			files = (
				44DD13C027FD8D7D0066D332 /* LaunchScreen.storyboard in Resources */,
				44DD13BD27FD8D7D0066D332 /* Assets.xcassets in Resources */,
				44DD13BB27FD8D7D0066D332 /* Main.storyboard in Resources */,
			);
			runOnlyForDeploymentPostprocessing = 0;
		};
		44DD13C427FD8D7D0066D332 /* Resources */ = {
			isa = PBXResourcesBuildPhase;
			buildActionMask = 2147483647;
			files = (
			);
			runOnlyForDeploymentPostprocessing = 0;
		};
		44DD13CE27FD8D7D0066D332 /* Resources */ = {
			isa = PBXResourcesBuildPhase;
			buildActionMask = 2147483647;
			files = (
			);
			runOnlyForDeploymentPostprocessing = 0;
		};
/* End PBXResourcesBuildPhase section */

/* Begin PBXSourcesBuildPhase section */
		44DD13AC27FD8D7D0066D332 /* Sources */ = {
			isa = PBXSourcesBuildPhase;
			buildActionMask = 2147483647;
			files = (
				44DD13B827FD8D7D0066D332 /* ViewController.swift in Sources */,
				44DD13B427FD8D7D0066D332 /* AppDelegate.swift in Sources */,
				44DD13B627FD8D7D0066D332 /* SceneDelegate.swift in Sources */,
			);
			runOnlyForDeploymentPostprocessing = 0;
		};
		44DD13C227FD8D7D0066D332 /* Sources */ = {
			isa = PBXSourcesBuildPhase;
			buildActionMask = 2147483647;
			files = (
				44DD13CB27FD8D7D0066D332 /* InstaYamTests.swift in Sources */,
			);
			runOnlyForDeploymentPostprocessing = 0;
		};
		44DD13CC27FD8D7D0066D332 /* Sources */ = {
			isa = PBXSourcesBuildPhase;
			buildActionMask = 2147483647;
			files = (
				44DD13D727FD8D7D0066D332 /* InstaYamUITestsLaunchTests.swift in Sources */,
				44DD13D527FD8D7D0066D332 /* InstaYamUITests.swift in Sources */,
			);
			runOnlyForDeploymentPostprocessing = 0;
		};
/* End PBXSourcesBuildPhase section */

/* Begin PBXTargetDependency section */
		44DD13C827FD8D7D0066D332 /* PBXTargetDependency */ = {
			isa = PBXTargetDependency;
			target = 44DD13AF27FD8D7D0066D332 /* InstaYam */;
			targetProxy = 44DD13C727FD8D7D0066D332 /* PBXContainerItemProxy */;
		};
		44DD13D227FD8D7D0066D332 /* PBXTargetDependency */ = {
			isa = PBXTargetDependency;
			target = 44DD13AF27FD8D7D0066D332 /* InstaYam */;
			targetProxy = 44DD13D127FD8D7D0066D332 /* PBXContainerItemProxy */;
		};
/* End PBXTargetDependency section */

/* Begin PBXVariantGroup section */
		44DD13B927FD8D7D0066D332 /* Main.storyboard */ = {
			isa = PBXVariantGroup;
			children = (
				44DD13BA27FD8D7D0066D332 /* Base */,
			);
			name = Main.storyboard;
			sourceTree = "<group>";
		};
		44DD13BE27FD8D7D0066D332 /* LaunchScreen.storyboard */ = {
			isa = PBXVariantGroup;
			children = (
				44DD13BF27FD8D7D0066D332 /* Base */,
			);
			name = LaunchScreen.storyboard;
			sourceTree = "<group>";
		};
/* End PBXVariantGroup section */

/* Begin XCBuildConfiguration section */
		44DD13D827FD8D7D0066D332 /* Debug */ = {
			isa = XCBuildConfiguration;
			buildSettings = {
				ALWAYS_SEARCH_USER_PATHS = NO;
				CLANG_ANALYZER_NONNULL = YES;
				CLANG_ANALYZER_NUMBER_OBJECT_CONVERSION = YES_AGGRESSIVE;
				CLANG_CXX_LANGUAGE_STANDARD = "gnu++17";
				CLANG_CXX_LIBRARY = "libc++";
				CLANG_ENABLE_MODULES = YES;
				CLANG_ENABLE_OBJC_ARC = YES;
				CLANG_ENABLE_OBJC_WEAK = YES;
				CLANG_WARN_BLOCK_CAPTURE_AUTORELEASING = YES;
				CLANG_WARN_BOOL_CONVERSION = YES;
				CLANG_WARN_COMMA = YES;
				CLANG_WARN_CONSTANT_CONVERSION = YES;
				CLANG_WARN_DEPRECATED_OBJC_IMPLEMENTATIONS = YES;
				CLANG_WARN_DIRECT_OBJC_ISA_USAGE = YES_ERROR;
				CLANG_WARN_DOCUMENTATION_COMMENTS = YES;
				CLANG_WARN_EMPTY_BODY = YES;
				CLANG_WARN_ENUM_CONVERSION = YES;
				CLANG_WARN_INFINITE_RECURSION = YES;
				CLANG_WARN_INT_CONVERSION = YES;
				CLANG_WARN_NON_LITERAL_NULL_CONVERSION = YES;
				CLANG_WARN_OBJC_IMPLICIT_RETAIN_SELF = YES;
				CLANG_WARN_OBJC_LITERAL_CONVERSION = YES;
				CLANG_WARN_OBJC_ROOT_CLASS = YES_ERROR;
				CLANG_WARN_QUOTED_INCLUDE_IN_FRAMEWORK_HEADER = YES;
				CLANG_WARN_RANGE_LOOP_ANALYSIS = YES;
				CLANG_WARN_STRICT_PROTOTYPES = YES;
				CLANG_WARN_SUSPICIOUS_MOVE = YES;
				CLANG_WARN_UNGUARDED_AVAILABILITY = YES_AGGRESSIVE;
				CLANG_WARN_UNREACHABLE_CODE = YES;
				CLANG_WARN__DUPLICATE_METHOD_MATCH = YES;
				COPY_PHASE_STRIP = NO;
				DEBUG_INFORMATION_FORMAT = dwarf;
				ENABLE_STRICT_OBJC_MSGSEND = YES;
				ENABLE_TESTABILITY = YES;
				GCC_C_LANGUAGE_STANDARD = gnu11;
				GCC_DYNAMIC_NO_PIC = NO;
				GCC_NO_COMMON_BLOCKS = YES;
				GCC_OPTIMIZATION_LEVEL = 0;
				GCC_PREPROCESSOR_DEFINITIONS = (
					"DEBUG=1",
					"$(inherited)",
				);
				GCC_WARN_64_TO_32_BIT_CONVERSION = YES;
				GCC_WARN_ABOUT_RETURN_TYPE = YES_ERROR;
				GCC_WARN_UNDECLARED_SELECTOR = YES;
				GCC_WARN_UNINITIALIZED_AUTOS = YES_AGGRESSIVE;
				GCC_WARN_UNUSED_FUNCTION = YES;
				GCC_WARN_UNUSED_VARIABLE = YES;
				IPHONEOS_DEPLOYMENT_TARGET = 15.2;
				MTL_ENABLE_DEBUG_INFO = INCLUDE_SOURCE;
				MTL_FAST_MATH = YES;
				ONLY_ACTIVE_ARCH = YES;
				SDKROOT = iphoneos;
				SWIFT_ACTIVE_COMPILATION_CONDITIONS = DEBUG;
				SWIFT_OPTIMIZATION_LEVEL = "-Onone";
			};
			name = Debug;
		};
		44DD13D927FD8D7D0066D332 /* Release */ = {
			isa = XCBuildConfiguration;
			buildSettings = {
				ALWAYS_SEARCH_USER_PATHS = NO;
				CLANG_ANALYZER_NONNULL = YES;
				CLANG_ANALYZER_NUMBER_OBJECT_CONVERSION = YES_AGGRESSIVE;
				CLANG_CXX_LANGUAGE_STANDARD = "gnu++17";
				CLANG_CXX_LIBRARY = "libc++";
				CLANG_ENABLE_MODULES = YES;
				CLANG_ENABLE_OBJC_ARC = YES;
				CLANG_ENABLE_OBJC_WEAK = YES;
				CLANG_WARN_BLOCK_CAPTURE_AUTORELEASING = YES;
				CLANG_WARN_BOOL_CONVERSION = YES;
				CLANG_WARN_COMMA = YES;
				CLANG_WARN_CONSTANT_CONVERSION = YES;
				CLANG_WARN_DEPRECATED_OBJC_IMPLEMENTATIONS = YES;
				CLANG_WARN_DIRECT_OBJC_ISA_USAGE = YES_ERROR;
				CLANG_WARN_DOCUMENTATION_COMMENTS = YES;
				CLANG_WARN_EMPTY_BODY = YES;
				CLANG_WARN_ENUM_CONVERSION = YES;
				CLANG_WARN_INFINITE_RECURSION = YES;
				CLANG_WARN_INT_CONVERSION = YES;
				CLANG_WARN_NON_LITERAL_NULL_CONVERSION = YES;
				CLANG_WARN_OBJC_IMPLICIT_RETAIN_SELF = YES;
				CLANG_WARN_OBJC_LITERAL_CONVERSION = YES;
				CLANG_WARN_OBJC_ROOT_CLASS = YES_ERROR;
				CLANG_WARN_QUOTED_INCLUDE_IN_FRAMEWORK_HEADER = YES;
				CLANG_WARN_RANGE_LOOP_ANALYSIS = YES;
				CLANG_WARN_STRICT_PROTOTYPES = YES;
				CLANG_WARN_SUSPICIOUS_MOVE = YES;
				CLANG_WARN_UNGUARDED_AVAILABILITY = YES_AGGRESSIVE;
				CLANG_WARN_UNREACHABLE_CODE = YES;
				CLANG_WARN__DUPLICATE_METHOD_MATCH = YES;
				COPY_PHASE_STRIP = NO;
				DEBUG_INFORMATION_FORMAT = "dwarf-with-dsym";
				ENABLE_NS_ASSERTIONS = NO;
				ENABLE_STRICT_OBJC_MSGSEND = YES;
				GCC_C_LANGUAGE_STANDARD = gnu11;
				GCC_NO_COMMON_BLOCKS = YES;
				GCC_WARN_64_TO_32_BIT_CONVERSION = YES;
				GCC_WARN_ABOUT_RETURN_TYPE = YES_ERROR;
				GCC_WARN_UNDECLARED_SELECTOR = YES;
				GCC_WARN_UNINITIALIZED_AUTOS = YES_AGGRESSIVE;
				GCC_WARN_UNUSED_FUNCTION = YES;
				GCC_WARN_UNUSED_VARIABLE = YES;
				IPHONEOS_DEPLOYMENT_TARGET = 15.2;
				MTL_ENABLE_DEBUG_INFO = NO;
				MTL_FAST_MATH = YES;
				SDKROOT = iphoneos;
				SWIFT_COMPILATION_MODE = wholemodule;
				SWIFT_OPTIMIZATION_LEVEL = "-O";
				VALIDATE_PRODUCT = YES;
			};
			name = Release;
		};
		44DD13DB27FD8D7D0066D332 /* Debug */ = {
			isa = XCBuildConfiguration;
			buildSettings = {
				ASSETCATALOG_COMPILER_APPICON_NAME = AppIcon;
				ASSETCATALOG_COMPILER_GLOBAL_ACCENT_COLOR_NAME = AccentColor;
				CODE_SIGN_STYLE = Automatic;
				CURRENT_PROJECT_VERSION = 1;
				GENERATE_INFOPLIST_FILE = YES;
				INFOPLIST_FILE = InstaYam/Info.plist;
				INFOPLIST_KEY_UIApplicationSupportsIndirectInputEvents = YES;
				INFOPLIST_KEY_UILaunchStoryboardName = LaunchScreen;
				INFOPLIST_KEY_UIMainStoryboardFile = Main;
				INFOPLIST_KEY_UISupportedInterfaceOrientations_iPad = "UIInterfaceOrientationPortrait UIInterfaceOrientationPortraitUpsideDown UIInterfaceOrientationLandscapeLeft UIInterfaceOrientationLandscapeRight";
				INFOPLIST_KEY_UISupportedInterfaceOrientations_iPhone = "UIInterfaceOrientationPortrait UIInterfaceOrientationLandscapeLeft UIInterfaceOrientationLandscapeRight";
				LD_RUNPATH_SEARCH_PATHS = (
					"$(inherited)",
					"@executable_path/Frameworks",
				);
				MARKETING_VERSION = 1.0;
				PRODUCT_BUNDLE_IDENTIFIER = com.pook.InstaYam;
				PRODUCT_NAME = "$(TARGET_NAME)";
				SWIFT_EMIT_LOC_STRINGS = YES;
				SWIFT_VERSION = 5.0;
				TARGETED_DEVICE_FAMILY = "1,2";
			};
			name = Debug;
		};
		44DD13DC27FD8D7D0066D332 /* Release */ = {
			isa = XCBuildConfiguration;
			buildSettings = {
				ASSETCATALOG_COMPILER_APPICON_NAME = AppIcon;
				ASSETCATALOG_COMPILER_GLOBAL_ACCENT_COLOR_NAME = AccentColor;
				CODE_SIGN_STYLE = Automatic;
				CURRENT_PROJECT_VERSION = 1;
				GENERATE_INFOPLIST_FILE = YES;
				INFOPLIST_FILE = InstaYam/Info.plist;
				INFOPLIST_KEY_UIApplicationSupportsIndirectInputEvents = YES;
				INFOPLIST_KEY_UILaunchStoryboardName = LaunchScreen;
				INFOPLIST_KEY_UIMainStoryboardFile = Main;
				INFOPLIST_KEY_UISupportedInterfaceOrientations_iPad = "UIInterfaceOrientationPortrait UIInterfaceOrientationPortraitUpsideDown UIInterfaceOrientationLandscapeLeft UIInterfaceOrientationLandscapeRight";
				INFOPLIST_KEY_UISupportedInterfaceOrientations_iPhone = "UIInterfaceOrientationPortrait UIInterfaceOrientationLandscapeLeft UIInterfaceOrientationLandscapeRight";
				LD_RUNPATH_SEARCH_PATHS = (
					"$(inherited)",
					"@executable_path/Frameworks",
				);
				MARKETING_VERSION = 1.0;
				PRODUCT_BUNDLE_IDENTIFIER = com.pook.InstaYam;
				PRODUCT_NAME = "$(TARGET_NAME)";
				SWIFT_EMIT_LOC_STRINGS = YES;
				SWIFT_VERSION = 5.0;
				TARGETED_DEVICE_FAMILY = "1,2";
			};
			name = Release;
		};
		44DD13DE27FD8D7D0066D332 /* Debug */ = {
			isa = XCBuildConfiguration;
			buildSettings = {
				ALWAYS_EMBED_SWIFT_STANDARD_LIBRARIES = YES;
				BUNDLE_LOADER = "$(TEST_HOST)";
				CODE_SIGN_STYLE = Automatic;
				CURRENT_PROJECT_VERSION = 1;
				GENERATE_INFOPLIST_FILE = YES;
				IPHONEOS_DEPLOYMENT_TARGET = 15.2;
				MARKETING_VERSION = 1.0;
				PRODUCT_BUNDLE_IDENTIFIER = com.pook.InstaYamTests;
				PRODUCT_NAME = "$(TARGET_NAME)";
				SWIFT_EMIT_LOC_STRINGS = NO;
				SWIFT_VERSION = 5.0;
				TARGETED_DEVICE_FAMILY = "1,2";
				TEST_HOST = "$(BUILT_PRODUCTS_DIR)/InstaYam.app/InstaYam";
			};
			name = Debug;
		};
		44DD13DF27FD8D7D0066D332 /* Release */ = {
			isa = XCBuildConfiguration;
			buildSettings = {
				ALWAYS_EMBED_SWIFT_STANDARD_LIBRARIES = YES;
				BUNDLE_LOADER = "$(TEST_HOST)";
				CODE_SIGN_STYLE = Automatic;
				CURRENT_PROJECT_VERSION = 1;
				GENERATE_INFOPLIST_FILE = YES;
				IPHONEOS_DEPLOYMENT_TARGET = 15.2;
				MARKETING_VERSION = 1.0;
				PRODUCT_BUNDLE_IDENTIFIER = com.pook.InstaYamTests;
				PRODUCT_NAME = "$(TARGET_NAME)";
				SWIFT_EMIT_LOC_STRINGS = NO;
				SWIFT_VERSION = 5.0;
				TARGETED_DEVICE_FAMILY = "1,2";
				TEST_HOST = "$(BUILT_PRODUCTS_DIR)/InstaYam.app/InstaYam";
			};
			name = Release;
		};
		44DD13E127FD8D7D0066D332 /* Debug */ = {
			isa = XCBuildConfiguration;
			buildSettings = {
				ALWAYS_EMBED_SWIFT_STANDARD_LIBRARIES = YES;
				CODE_SIGN_STYLE = Automatic;
				CURRENT_PROJECT_VERSION = 1;
				GENERATE_INFOPLIST_FILE = YES;
				MARKETING_VERSION = 1.0;
				PRODUCT_BUNDLE_IDENTIFIER = com.pook.InstaYamUITests;
				PRODUCT_NAME = "$(TARGET_NAME)";
				SWIFT_EMIT_LOC_STRINGS = NO;
				SWIFT_VERSION = 5.0;
				TARGETED_DEVICE_FAMILY = "1,2";
				TEST_TARGET_NAME = InstaYam;
			};
			name = Debug;
		};
		44DD13E227FD8D7D0066D332 /* Release */ = {
			isa = XCBuildConfiguration;
			buildSettings = {
				ALWAYS_EMBED_SWIFT_STANDARD_LIBRARIES = YES;
				CODE_SIGN_STYLE = Automatic;
				CURRENT_PROJECT_VERSION = 1;
				GENERATE_INFOPLIST_FILE = YES;
				MARKETING_VERSION = 1.0;
				PRODUCT_BUNDLE_IDENTIFIER = com.pook.InstaYamUITests;
				PRODUCT_NAME = "$(TARGET_NAME)";
				SWIFT_EMIT_LOC_STRINGS = NO;
				SWIFT_VERSION = 5.0;
				TARGETED_DEVICE_FAMILY = "1,2";
				TEST_TARGET_NAME = InstaYam;
			};
			name = Release;
		};
/* End XCBuildConfiguration section */

/* Begin XCConfigurationList section */
		44DD13AB27FD8D7C0066D332 /* Build configuration list for PBXProject "InstaYam" */ = {
			isa = XCConfigurationList;
			buildConfigurations = (
				44DD13D827FD8D7D0066D332 /* Debug */,
				44DD13D927FD8D7D0066D332 /* Release */,
			);
			defaultConfigurationIsVisible = 0;
			defaultConfigurationName = Release;
		};
		44DD13DA27FD8D7D0066D332 /* Build configuration list for PBXNativeTarget "InstaYam" */ = {
			isa = XCConfigurationList;
			buildConfigurations = (
				44DD13DB27FD8D7D0066D332 /* Debug */,
				44DD13DC27FD8D7D0066D332 /* Release */,
			);
			defaultConfigurationIsVisible = 0;
			defaultConfigurationName = Release;
		};
		44DD13DD27FD8D7D0066D332 /* Build configuration list for PBXNativeTarget "InstaYamTests" */ = {
			isa = XCConfigurationList;
			buildConfigurations = (
				44DD13DE27FD8D7D0066D332 /* Debug */,
				44DD13DF27FD8D7D0066D332 /* Release */,
			);
			defaultConfigurationIsVisible = 0;
			defaultConfigurationName = Release;
		};
		44DD13E027FD8D7D0066D332 /* Build configuration list for PBXNativeTarget "InstaYamUITests" */ = {
			isa = XCConfigurationList;
			buildConfigurations = (
				44DD13E127FD8D7D0066D332 /* Debug */,
				44DD13E227FD8D7D0066D332 /* Release */,
			);
			defaultConfigurationIsVisible = 0;
			defaultConfigurationName = Release;
		};
/* End XCConfigurationList section */
	};
	rootObject = 44DD13A827FD8D7C0066D332 /* Project object */;
}
